<Solution>
  <Project Path="AuraDental.Data/AuraDental.Infraestructura.csproj" />
  <Project Path="AuraDental.Dominio/AuraDental.Dominio.csproj" Id="e16ba431-40d0-4282-a742-94681b81f1e9" />
  <Project Path="AuraDental.Services/AuraDental.Aplicacion.csproj" />
  <Project Path="AuraDental.Tests/AuraDental.Tests.csproj" />
  <Project Path="AuraDental.Web/AuraDental.Web.csproj" />
</Solution>
